
Microsoft Visual Studio Solution File, Format Version 12.00
# Visual Studio 15
VisualStudioVersion = 15.0.27703.2042
MinimumVisualStudioVersion = 10.0.40219.1
Project("{8BC9CEB8-8B4A-11D0-8D11-00A0C91BC942}") = "Rewrite v1.1", "Rewrite v1.1\Rewrite v1.1.vcxproj", "{4D91E05D-8FB3-4BE4-89F6-0F5CA1D9CE72}"
EndProject
Global
	GlobalSection(SolutionConfigurationPlatforms) = preSolution
		Debug|x64 = Debug|x64
		Debug|x86 = Debug|x86
		Release|x64 = Release|x64
		Release|x86 = Release|x86
	EndGlobalSection
	GlobalSection(ProjectConfigurationPlatforms) = postSolution
		{4D91E05D-8FB3-4BE4-89F6-0F5CA1D9CE72}.Debug|x64.ActiveCfg = Debug|x64
		{4D91E05D-8FB3-4BE4-89F6-0F5CA1D9CE72}.Debug|x64.Build.0 = Debug|x64
		{4D91E05D-8FB3-4BE4-89F6-0F5CA1D9CE72}.Debug|x86.ActiveCfg = Debug|Win32
		{4D91E05D-8FB3-4BE4-89F6-0F5CA1D9CE72}.Debug|x86.Build.0 = Debug|Win32
		{4D91E05D-8FB3-4BE4-89F6-0F5CA1D9CE72}.Release|x64.ActiveCfg = Release|x64
		{4D91E05D-8FB3-4BE4-89F6-0F5CA1D9CE72}.Release|x64.Build.0 = Release|x64
		{4D91E05D-8FB3-4BE4-89F6-0F5CA1D9CE72}.Release|x86.ActiveCfg = Release|Win32
		{4D91E05D-8FB3-4BE4-89F6-0F5CA1D9CE72}.Release|x86.Build.0 = Release|Win32
	EndGlobalSection
	GlobalSection(SolutionProperties) = preSolution
		HideSolutionNode = FALSE
	EndGlobalSection
	GlobalSection(ExtensibilityGlobals) = postSolution
		SolutionGuid = {D671401D-78C9-4EF6-8989-939CF37830B9}
	EndGlobalSection
EndGlobal
