<?xml version="1.0" encoding="utf-8"?>
<Project ToolsVersion="4.0" xmlns="http://schemas.microsoft.com/developer/msbuild/2003">
  <ItemGroup>
    <Filter Include="源文件">
      <UniqueIdentifier>{4FC737F1-C7A5-4376-A066-2A32D752A2FF}</UniqueIdentifier>
      <Extensions>cpp;c;cc;cxx;def;odl;idl;hpj;bat;asm;asmx</Extensions>
    </Filter>
    <Filter Include="头文件">
      <UniqueIdentifier>{93995380-89BD-4b04-88EB-625FBE52EBFB}</UniqueIdentifier>
      <Extensions>h;hh;hpp;hxx;hm;inl;inc;ipp;xsd</Extensions>
    </Filter>
    <Filter Include="资源文件">
      <UniqueIdentifier>{67DA6AB6-F800-4c08-8B7A-83BB121AAD01}</UniqueIdentifier>
      <Extensions>rc;ico;cur;bmp;dlg;rc2;rct;bin;rgs;gif;jpg;jpeg;jpe;resx;tiff;tif;png;wav;mfcribbon-ms</Extensions>
    </Filter>
    <Filter Include="WindowsAPI">
      <UniqueIdentifier>{12668732-f868-4ad2-b346-6f407561a080}</UniqueIdentifier>
    </Filter>
    <Filter Include="实体">
      <UniqueIdentifier>{a00cb475-3f50-40ee-b033-61d4655f382a}</UniqueIdentifier>
    </Filter>
    <Filter Include="增益">
      <UniqueIdentifier>{d4ec6a6d-d4d8-4e0b-900a-b351ece67e74}</UniqueIdentifier>
    </Filter>
    <Filter Include="队伍">
      <UniqueIdentifier>{b64d4d17-7d3b-4885-8a76-87cd115dcd86}</UniqueIdentifier>
    </Filter>
  </ItemGroup>
  <ItemGroup>
    <ClInclude Include="header.h">
      <Filter>头文件</Filter>
    </ClInclude>
    <ClInclude Include="SysFeature.h">
      <Filter>WindowsAPI</Filter>
    </ClInclude>
    <ClInclude Include="Entity.h">
      <Filter>实体</Filter>
    </ClInclude>
    <ClInclude Include="EntityList.h">
      <Filter>实体</Filter>
    </ClInclude>
    <ClInclude Include="Buff.h">
      <Filter>增益</Filter>
    </ClInclude>
    <ClInclude Include="BuffList.h">
      <Filter>增益</Filter>
    </ClInclude>
    <ClInclude Include="BuffEffectList.h">
      <Filter>增益</Filter>
    </ClInclude>
    <ClInclude Include="Team.h">
      <Filter>队伍</Filter>
    </ClInclude>
  </ItemGroup>
  <ItemGroup>
    <ClCompile Include="SysFeature.cpp">
      <Filter>WindowsAPI</Filter>
    </ClCompile>
    <ClCompile Include="Entity.cpp">
      <Filter>实体</Filter>
    </ClCompile>
    <ClCompile Include="EntityList.cpp">
      <Filter>实体</Filter>
    </ClCompile>
    <ClCompile Include="Buff.cpp">
      <Filter>增益</Filter>
    </ClCompile>
    <ClCompile Include="BuffList.cpp">
      <Filter>增益</Filter>
    </ClCompile>
    <ClCompile Include="BuffEffectList.cpp">
      <Filter>增益</Filter>
    </ClCompile>
    <ClCompile Include="main.cpp">
      <Filter>源文件</Filter>
    </ClCompile>
    <ClCompile Include="Team.cpp">
      <Filter>队伍</Filter>
    </ClCompile>
  </ItemGroup>
</Project>